# This file is autogenerated, do not edit; changes may be undone by the next 'dep ensure'.


[[projects]]
  branch = "master"
  name = "github.com/golang/geo"
  packages = ["r1","r2","r3","s1","s2"]
  revision = "476085157cff9aaeef4d4f124649436542d4114a"

[[projects]]
  name = "github.com/marni/goigc"
  packages = ["."]
  revision = "35300268c031cea36d638a6793146fccd1cbcdd1"
  version = "v0.1.0"

[solve-meta]
  analyzer-name = "dep"
  analyzer-version = 1
  inputs-digest = "97f9aa6ae5b010ad5c2d67479369efbdc4dbf7d54c2b26d384ff68dadd7d7f55"
  solver-name = "gps-cdcl"
  solver-version = 1
